
Microsoft Visual Studio Solution File, Format Version 12.00
# Visual Studio 15
VisualStudioVersion = 15.0.27703.2018
MinimumVisualStudioVersion = 10.0.40219.1
Project("{9A19103F-16F7-4668-BE54-9A1E7A4F7556}") = "GildedRoseApi", "GildedRoseApi\GildedRoseApi.csproj", "{0738BDD8-5B63-4773-875E-56F0248EAFA6}"
EndProject
Project("{9A19103F-16F7-4668-BE54-9A1E7A4F7556}") = "GildedRoseApi.Tests", "..\GildedRoseApi.Tests\GildedRoseApi.Tests.csproj", "{2A6BDA34-DF89-43B9-9F5A-3631CAE79036}"
EndProject
Project("{9A19103F-16F7-4668-BE54-9A1E7A4F7556}") = "GildedRoseData", "..\GildedRoseData\GildedRoseData.csproj", "{D62D9C8B-AC92-4EE9-BABA-B00BD3D52731}"
EndProject
Global
	GlobalSection(SolutionConfigurationPlatforms) = preSolution
		Debug|Any CPU = Debug|Any CPU
		Release|Any CPU = Release|Any CPU
	EndGlobalSection
	GlobalSection(ProjectConfigurationPlatforms) = postSolution
		{0738BDD8-5B63-4773-875E-56F0248EAFA6}.Debug|Any CPU.ActiveCfg = Debug|Any CPU
		{0738BDD8-5B63-4773-875E-56F0248EAFA6}.Debug|Any CPU.Build.0 = Debug|Any CPU
		{0738BDD8-5B63-4773-875E-56F0248EAFA6}.Release|Any CPU.ActiveCfg = Release|Any CPU
		{0738BDD8-5B63-4773-875E-56F0248EAFA6}.Release|Any CPU.Build.0 = Release|Any CPU
		{2A6BDA34-DF89-43B9-9F5A-3631CAE79036}.Debug|Any CPU.ActiveCfg = Debug|Any CPU
		{2A6BDA34-DF89-43B9-9F5A-3631CAE79036}.Debug|Any CPU.Build.0 = Debug|Any CPU
		{2A6BDA34-DF89-43B9-9F5A-3631CAE79036}.Release|Any CPU.ActiveCfg = Release|Any CPU
		{2A6BDA34-DF89-43B9-9F5A-3631CAE79036}.Release|Any CPU.Build.0 = Release|Any CPU
		{D62D9C8B-AC92-4EE9-BABA-B00BD3D52731}.Debug|Any CPU.ActiveCfg = Debug|Any CPU
		{D62D9C8B-AC92-4EE9-BABA-B00BD3D52731}.Debug|Any CPU.Build.0 = Debug|Any CPU
		{D62D9C8B-AC92-4EE9-BABA-B00BD3D52731}.Release|Any CPU.ActiveCfg = Release|Any CPU
		{D62D9C8B-AC92-4EE9-BABA-B00BD3D52731}.Release|Any CPU.Build.0 = Release|Any CPU
	EndGlobalSection
	GlobalSection(SolutionProperties) = preSolution
		HideSolutionNode = FALSE
	EndGlobalSection
	GlobalSection(ExtensibilityGlobals) = postSolution
		SolutionGuid = {FD2C20CE-237B-4E97-9C76-5F3BE810A375}
	EndGlobalSection
EndGlobal
